
Microsoft Visual Studio Solution File, Format Version 12.00
# Visual Studio Version 16
VisualStudioVersion = 16.0.29326.143
MinimumVisualStudioVersion = 10.0.40219.1
Project("{9A19103F-16F7-4668-BE54-9A1E7A4F7556}") = "RateMyP.Server", "RateMyP.Server\RateMyP.Server.csproj", "{48D83A6F-122D-4609-B684-26316387094A}"
	ProjectSection(ProjectDependencies) = postProject
		{633D9B99-79FD-48DB-B612-4756BEFC211C} = {633D9B99-79FD-48DB-B612-4756BEFC211C}
	EndProjectSection
EndProject
Project("{9A19103F-16F7-4668-BE54-9A1E7A4F7556}") = "RateMyP.Common", "RateMyP.Common\RateMyP.Common.csproj", "{633D9B99-79FD-48DB-B612-4756BEFC211C}"
EndProject
Project("{9A19103F-16F7-4668-BE54-9A1E7A4F7556}") = "RateMyP.Client", "RateMyP.Client\RateMyP.Client.csproj", "{7D42EE49-7B69-44AF-B830-4183802417EA}"
EndProject
Project("{FAE04EC0-301F-11D3-BF4B-00C04F79EFBC}") = "RateMyP.WinForm", "RateMyP.WinForm\RateMyP.WinForm.csproj", "{8E15A2BA-4EB6-4C0F-8399-75E945EBE6A9}"
EndProject
Project("{FAE04EC0-301F-11D3-BF4B-00C04F79EFBC}") = "RateMyP.Test", "RateMyP.Test\RateMyP.Test.csproj", "{A7DC8F73-F65A-467A-8200-53B262A959F9}"
EndProject
Project("{FAE04EC0-301F-11D3-BF4B-00C04F79EFBC}") = "RateMyP.WebApp", "RateMyP.WebApp\RateMyP.WebApp.csproj", "{3247DAF7-ADFF-42F7-8DB1-A90B920D8263}"
EndProject
Global
	GlobalSection(SolutionConfigurationPlatforms) = preSolution
		Debug|Any CPU = Debug|Any CPU
		Debug|ARM = Debug|ARM
		Debug|ARM64 = Debug|ARM64
		Debug|x64 = Debug|x64
		Debug|x86 = Debug|x86
		Release|Any CPU = Release|Any CPU
		Release|ARM = Release|ARM
		Release|ARM64 = Release|ARM64
		Release|x64 = Release|x64
		Release|x86 = Release|x86
	EndGlobalSection
	GlobalSection(ProjectConfigurationPlatforms) = postSolution
		{48D83A6F-122D-4609-B684-26316387094A}.Debug|Any CPU.ActiveCfg = Debug|Any CPU
		{48D83A6F-122D-4609-B684-26316387094A}.Debug|Any CPU.Build.0 = Debug|Any CPU
		{48D83A6F-122D-4609-B684-26316387094A}.Debug|ARM.ActiveCfg = Debug|Any CPU
		{48D83A6F-122D-4609-B684-26316387094A}.Debug|ARM.Build.0 = Debug|Any CPU
		{48D83A6F-122D-4609-B684-26316387094A}.Debug|ARM64.ActiveCfg = Debug|Any CPU
		{48D83A6F-122D-4609-B684-26316387094A}.Debug|ARM64.Build.0 = Debug|Any CPU
		{48D83A6F-122D-4609-B684-26316387094A}.Debug|x64.ActiveCfg = Debug|Any CPU
		{48D83A6F-122D-4609-B684-26316387094A}.Debug|x64.Build.0 = Debug|Any CPU
		{48D83A6F-122D-4609-B684-26316387094A}.Debug|x86.ActiveCfg = Debug|Any CPU
		{48D83A6F-122D-4609-B684-26316387094A}.Debug|x86.Build.0 = Debug|Any CPU
		{48D83A6F-122D-4609-B684-26316387094A}.Release|Any CPU.ActiveCfg = Release|Any CPU
		{48D83A6F-122D-4609-B684-26316387094A}.Release|Any CPU.Build.0 = Release|Any CPU
		{48D83A6F-122D-4609-B684-26316387094A}.Release|ARM.ActiveCfg = Release|Any CPU
		{48D83A6F-122D-4609-B684-26316387094A}.Release|ARM.Build.0 = Release|Any CPU
		{48D83A6F-122D-4609-B684-26316387094A}.Release|ARM64.ActiveCfg = Release|Any CPU
		{48D83A6F-122D-4609-B684-26316387094A}.Release|ARM64.Build.0 = Release|Any CPU
		{48D83A6F-122D-4609-B684-26316387094A}.Release|x64.ActiveCfg = Release|Any CPU
		{48D83A6F-122D-4609-B684-26316387094A}.Release|x64.Build.0 = Release|Any CPU
		{48D83A6F-122D-4609-B684-26316387094A}.Release|x86.ActiveCfg = Release|Any CPU
		{48D83A6F-122D-4609-B684-26316387094A}.Release|x86.Build.0 = Release|Any CPU
		{633D9B99-79FD-48DB-B612-4756BEFC211C}.Debug|Any CPU.ActiveCfg = Debug|Any CPU
		{633D9B99-79FD-48DB-B612-4756BEFC211C}.Debug|Any CPU.Build.0 = Debug|Any CPU
		{633D9B99-79FD-48DB-B612-4756BEFC211C}.Debug|ARM.ActiveCfg = Debug|Any CPU
		{633D9B99-79FD-48DB-B612-4756BEFC211C}.Debug|ARM.Build.0 = Debug|Any CPU
		{633D9B99-79FD-48DB-B612-4756BEFC211C}.Debug|ARM64.ActiveCfg = Debug|Any CPU
		{633D9B99-79FD-48DB-B612-4756BEFC211C}.Debug|ARM64.Build.0 = Debug|Any CPU
		{633D9B99-79FD-48DB-B612-4756BEFC211C}.Debug|x64.ActiveCfg = Debug|Any CPU
		{633D9B99-79FD-48DB-B612-4756BEFC211C}.Debug|x64.Build.0 = Debug|Any CPU
		{633D9B99-79FD-48DB-B612-4756BEFC211C}.Debug|x86.ActiveCfg = Debug|Any CPU
		{633D9B99-79FD-48DB-B612-4756BEFC211C}.Debug|x86.Build.0 = Debug|Any CPU
		{633D9B99-79FD-48DB-B612-4756BEFC211C}.Release|Any CPU.ActiveCfg = Release|Any CPU
		{633D9B99-79FD-48DB-B612-4756BEFC211C}.Release|Any CPU.Build.0 = Release|Any CPU
		{633D9B99-79FD-48DB-B612-4756BEFC211C}.Release|ARM.ActiveCfg = Release|Any CPU
		{633D9B99-79FD-48DB-B612-4756BEFC211C}.Release|ARM.Build.0 = Release|Any CPU
		{633D9B99-79FD-48DB-B612-4756BEFC211C}.Release|ARM64.ActiveCfg = Release|Any CPU
		{633D9B99-79FD-48DB-B612-4756BEFC211C}.Release|ARM64.Build.0 = Release|Any CPU
		{633D9B99-79FD-48DB-B612-4756BEFC211C}.Release|x64.ActiveCfg = Release|Any CPU
		{633D9B99-79FD-48DB-B612-4756BEFC211C}.Release|x64.Build.0 = Release|Any CPU
		{633D9B99-79FD-48DB-B612-4756BEFC211C}.Release|x86.ActiveCfg = Release|Any CPU
		{633D9B99-79FD-48DB-B612-4756BEFC211C}.Release|x86.Build.0 = Release|Any CPU
		{7D42EE49-7B69-44AF-B830-4183802417EA}.Debug|Any CPU.ActiveCfg = Debug|Any CPU
		{7D42EE49-7B69-44AF-B830-4183802417EA}.Debug|Any CPU.Build.0 = Debug|Any CPU
		{7D42EE49-7B69-44AF-B830-4183802417EA}.Debug|ARM.ActiveCfg = Debug|Any CPU
		{7D42EE49-7B69-44AF-B830-4183802417EA}.Debug|ARM.Build.0 = Debug|Any CPU
		{7D42EE49-7B69-44AF-B830-4183802417EA}.Debug|ARM64.ActiveCfg = Debug|Any CPU
		{7D42EE49-7B69-44AF-B830-4183802417EA}.Debug|ARM64.Build.0 = Debug|Any CPU
		{7D42EE49-7B69-44AF-B830-4183802417EA}.Debug|x64.ActiveCfg = Debug|Any CPU
		{7D42EE49-7B69-44AF-B830-4183802417EA}.Debug|x64.Build.0 = Debug|Any CPU
		{7D42EE49-7B69-44AF-B830-4183802417EA}.Debug|x86.ActiveCfg = Debug|Any CPU
		{7D42EE49-7B69-44AF-B830-4183802417EA}.Debug|x86.Build.0 = Debug|Any CPU
		{7D42EE49-7B69-44AF-B830-4183802417EA}.Release|Any CPU.ActiveCfg = Release|Any CPU
		{7D42EE49-7B69-44AF-B830-4183802417EA}.Release|Any CPU.Build.0 = Release|Any CPU
		{7D42EE49-7B69-44AF-B830-4183802417EA}.Release|ARM.ActiveCfg = Release|Any CPU
		{7D42EE49-7B69-44AF-B830-4183802417EA}.Release|ARM.Build.0 = Release|Any CPU
		{7D42EE49-7B69-44AF-B830-4183802417EA}.Release|ARM64.ActiveCfg = Release|Any CPU
		{7D42EE49-7B69-44AF-B830-4183802417EA}.Release|ARM64.Build.0 = Release|Any CPU
		{7D42EE49-7B69-44AF-B830-4183802417EA}.Release|x64.ActiveCfg = Release|Any CPU
		{7D42EE49-7B69-44AF-B830-4183802417EA}.Release|x64.Build.0 = Release|Any CPU
		{7D42EE49-7B69-44AF-B830-4183802417EA}.Release|x86.ActiveCfg = Release|Any CPU
		{7D42EE49-7B69-44AF-B830-4183802417EA}.Release|x86.Build.0 = Release|Any CPU
		{8E15A2BA-4EB6-4C0F-8399-75E945EBE6A9}.Debug|Any CPU.ActiveCfg = Debug|Any CPU
		{8E15A2BA-4EB6-4C0F-8399-75E945EBE6A9}.Debug|Any CPU.Build.0 = Debug|Any CPU
		{8E15A2BA-4EB6-4C0F-8399-75E945EBE6A9}.Debug|ARM.ActiveCfg = Debug|Any CPU
		{8E15A2BA-4EB6-4C0F-8399-75E945EBE6A9}.Debug|ARM.Build.0 = Debug|Any CPU
		{8E15A2BA-4EB6-4C0F-8399-75E945EBE6A9}.Debug|ARM64.ActiveCfg = Debug|Any CPU
		{8E15A2BA-4EB6-4C0F-8399-75E945EBE6A9}.Debug|ARM64.Build.0 = Debug|Any CPU
		{8E15A2BA-4EB6-4C0F-8399-75E945EBE6A9}.Debug|x64.ActiveCfg = Debug|Any CPU
		{8E15A2BA-4EB6-4C0F-8399-75E945EBE6A9}.Debug|x64.Build.0 = Debug|Any CPU
		{8E15A2BA-4EB6-4C0F-8399-75E945EBE6A9}.Debug|x86.ActiveCfg = Debug|Any CPU
		{8E15A2BA-4EB6-4C0F-8399-75E945EBE6A9}.Debug|x86.Build.0 = Debug|Any CPU
		{8E15A2BA-4EB6-4C0F-8399-75E945EBE6A9}.Release|Any CPU.ActiveCfg = Release|Any CPU
		{8E15A2BA-4EB6-4C0F-8399-75E945EBE6A9}.Release|Any CPU.Build.0 = Release|Any CPU
		{8E15A2BA-4EB6-4C0F-8399-75E945EBE6A9}.Release|ARM.ActiveCfg = Release|Any CPU
		{8E15A2BA-4EB6-4C0F-8399-75E945EBE6A9}.Release|ARM.Build.0 = Release|Any CPU
		{8E15A2BA-4EB6-4C0F-8399-75E945EBE6A9}.Release|ARM64.ActiveCfg = Release|Any CPU
		{8E15A2BA-4EB6-4C0F-8399-75E945EBE6A9}.Release|ARM64.Build.0 = Release|Any CPU
		{8E15A2BA-4EB6-4C0F-8399-75E945EBE6A9}.Release|x64.ActiveCfg = Release|Any CPU
		{8E15A2BA-4EB6-4C0F-8399-75E945EBE6A9}.Release|x64.Build.0 = Release|Any CPU
		{8E15A2BA-4EB6-4C0F-8399-75E945EBE6A9}.Release|x86.ActiveCfg = Release|Any CPU
		{8E15A2BA-4EB6-4C0F-8399-75E945EBE6A9}.Release|x86.Build.0 = Release|Any CPU
		{A7DC8F73-F65A-467A-8200-53B262A959F9}.Debug|Any CPU.ActiveCfg = Debug|Any CPU
		{A7DC8F73-F65A-467A-8200-53B262A959F9}.Debug|Any CPU.Build.0 = Debug|Any CPU
		{A7DC8F73-F65A-467A-8200-53B262A959F9}.Debug|ARM.ActiveCfg = Debug|Any CPU
		{A7DC8F73-F65A-467A-8200-53B262A959F9}.Debug|ARM.Build.0 = Debug|Any CPU
		{A7DC8F73-F65A-467A-8200-53B262A959F9}.Debug|ARM64.ActiveCfg = Debug|Any CPU
		{A7DC8F73-F65A-467A-8200-53B262A959F9}.Debug|ARM64.Build.0 = Debug|Any CPU
		{A7DC8F73-F65A-467A-8200-53B262A959F9}.Debug|x64.ActiveCfg = Debug|Any CPU
		{A7DC8F73-F65A-467A-8200-53B262A959F9}.Debug|x64.Build.0 = Debug|Any CPU
		{A7DC8F73-F65A-467A-8200-53B262A959F9}.Debug|x86.ActiveCfg = Debug|Any CPU
		{A7DC8F73-F65A-467A-8200-53B262A959F9}.Debug|x86.Build.0 = Debug|Any CPU
		{A7DC8F73-F65A-467A-8200-53B262A959F9}.Release|Any CPU.ActiveCfg = Release|Any CPU
		{A7DC8F73-F65A-467A-8200-53B262A959F9}.Release|Any CPU.Build.0 = Release|Any CPU
		{A7DC8F73-F65A-467A-8200-53B262A959F9}.Release|ARM.ActiveCfg = Release|Any CPU
		{A7DC8F73-F65A-467A-8200-53B262A959F9}.Release|ARM.Build.0 = Release|Any CPU
		{A7DC8F73-F65A-467A-8200-53B262A959F9}.Release|ARM64.ActiveCfg = Release|Any CPU
		{A7DC8F73-F65A-467A-8200-53B262A959F9}.Release|ARM64.Build.0 = Release|Any CPU
		{A7DC8F73-F65A-467A-8200-53B262A959F9}.Release|x64.ActiveCfg = Release|Any CPU
		{A7DC8F73-F65A-467A-8200-53B262A959F9}.Release|x64.Build.0 = Release|Any CPU
		{A7DC8F73-F65A-467A-8200-53B262A959F9}.Release|x86.ActiveCfg = Release|Any CPU
		{A7DC8F73-F65A-467A-8200-53B262A959F9}.Release|x86.Build.0 = Release|Any CPU
		{3247DAF7-ADFF-42F7-8DB1-A90B920D8263}.Debug|Any CPU.ActiveCfg = Debug|Any CPU
		{3247DAF7-ADFF-42F7-8DB1-A90B920D8263}.Debug|Any CPU.Build.0 = Debug|Any CPU
		{3247DAF7-ADFF-42F7-8DB1-A90B920D8263}.Debug|ARM.ActiveCfg = Debug|Any CPU
		{3247DAF7-ADFF-42F7-8DB1-A90B920D8263}.Debug|ARM.Build.0 = Debug|Any CPU
		{3247DAF7-ADFF-42F7-8DB1-A90B920D8263}.Debug|ARM64.ActiveCfg = Debug|Any CPU
		{3247DAF7-ADFF-42F7-8DB1-A90B920D8263}.Debug|ARM64.Build.0 = Debug|Any CPU
		{3247DAF7-ADFF-42F7-8DB1-A90B920D8263}.Debug|x64.ActiveCfg = Debug|Any CPU
		{3247DAF7-ADFF-42F7-8DB1-A90B920D8263}.Debug|x64.Build.0 = Debug|Any CPU
		{3247DAF7-ADFF-42F7-8DB1-A90B920D8263}.Debug|x86.ActiveCfg = Debug|Any CPU
		{3247DAF7-ADFF-42F7-8DB1-A90B920D8263}.Debug|x86.Build.0 = Debug|Any CPU
		{3247DAF7-ADFF-42F7-8DB1-A90B920D8263}.Release|Any CPU.ActiveCfg = Release|Any CPU
		{3247DAF7-ADFF-42F7-8DB1-A90B920D8263}.Release|Any CPU.Build.0 = Release|Any CPU
		{3247DAF7-ADFF-42F7-8DB1-A90B920D8263}.Release|ARM.ActiveCfg = Release|Any CPU
		{3247DAF7-ADFF-42F7-8DB1-A90B920D8263}.Release|ARM.Build.0 = Release|Any CPU
		{3247DAF7-ADFF-42F7-8DB1-A90B920D8263}.Release|ARM64.ActiveCfg = Release|Any CPU
		{3247DAF7-ADFF-42F7-8DB1-A90B920D8263}.Release|ARM64.Build.0 = Release|Any CPU
		{3247DAF7-ADFF-42F7-8DB1-A90B920D8263}.Release|x64.ActiveCfg = Release|Any CPU
		{3247DAF7-ADFF-42F7-8DB1-A90B920D8263}.Release|x64.Build.0 = Release|Any CPU
		{3247DAF7-ADFF-42F7-8DB1-A90B920D8263}.Release|x86.ActiveCfg = Release|Any CPU
		{3247DAF7-ADFF-42F7-8DB1-A90B920D8263}.Release|x86.Build.0 = Release|Any CPU
	EndGlobalSection
	GlobalSection(SolutionProperties) = preSolution
		HideSolutionNode = FALSE
	EndGlobalSection
	GlobalSection(ExtensibilityGlobals) = postSolution
		SolutionGuid = {C46F4461-55E1-40B4-9A72-DACCEE131740}
	EndGlobalSection
EndGlobal
