
Microsoft Visual Studio Solution File, Format Version 12.00
# Visual Studio 15
VisualStudioVersion = 15.0.28307.852
MinimumVisualStudioVersion = 10.0.40219.1
Project("{FAE04EC0-301F-11D3-BF4B-00C04F79EFBC}") = "RateMyP", "RateMyP\RateMyP.csproj", "{54A7817D-48D4-4052-A7AA-F1362993F462}"
EndProject
Project("{FAE04EC0-301F-11D3-BF4B-00C04F79EFBC}") = "RateMyP.Tests", "RateMyP.Tests\RateMyP.Tests.csproj", "{31990951-B493-4112-B77B-E676BAD3BB1D}"
EndProject
Project("{FAE04EC0-301F-11D3-BF4B-00C04F79EFBC}") = "RateMyP.WinForm", "RateMyP.WinForm\RateMyP.WinForm.csproj", "{8E15A2BA-4EB6-4C0F-8399-75E945EBE6A9}"
EndProject
Global
	GlobalSection(SolutionConfigurationPlatforms) = preSolution
		Debug|Any CPU = Debug|Any CPU
		Release|Any CPU = Release|Any CPU
	EndGlobalSection
	GlobalSection(ProjectConfigurationPlatforms) = postSolution
		{54A7817D-48D4-4052-A7AA-F1362993F462}.Debug|Any CPU.ActiveCfg = Debug|Any CPU
		{54A7817D-48D4-4052-A7AA-F1362993F462}.Debug|Any CPU.Build.0 = Debug|Any CPU
		{54A7817D-48D4-4052-A7AA-F1362993F462}.Release|Any CPU.ActiveCfg = Release|Any CPU
		{54A7817D-48D4-4052-A7AA-F1362993F462}.Release|Any CPU.Build.0 = Release|Any CPU
		{31990951-B493-4112-B77B-E676BAD3BB1D}.Debug|Any CPU.ActiveCfg = Debug|Any CPU
		{31990951-B493-4112-B77B-E676BAD3BB1D}.Debug|Any CPU.Build.0 = Debug|Any CPU
		{31990951-B493-4112-B77B-E676BAD3BB1D}.Release|Any CPU.ActiveCfg = Release|Any CPU
		{31990951-B493-4112-B77B-E676BAD3BB1D}.Release|Any CPU.Build.0 = Release|Any CPU
		{8E15A2BA-4EB6-4C0F-8399-75E945EBE6A9}.Debug|Any CPU.ActiveCfg = Debug|Any CPU
		{8E15A2BA-4EB6-4C0F-8399-75E945EBE6A9}.Debug|Any CPU.Build.0 = Debug|Any CPU
		{8E15A2BA-4EB6-4C0F-8399-75E945EBE6A9}.Release|Any CPU.ActiveCfg = Release|Any CPU
		{8E15A2BA-4EB6-4C0F-8399-75E945EBE6A9}.Release|Any CPU.Build.0 = Release|Any CPU
	EndGlobalSection
	GlobalSection(SolutionProperties) = preSolution
		HideSolutionNode = FALSE
	EndGlobalSection
	GlobalSection(ExtensibilityGlobals) = postSolution
		SolutionGuid = {C46F4461-55E1-40B4-9A72-DACCEE131740}
	EndGlobalSection
EndGlobal
